
Microsoft Visual Studio Solution File, Format Version 12.00
# Visual Studio Version 16
VisualStudioVersion = 16.0.29306.81
MinimumVisualStudioVersion = 10.0.40219.1
Project("{FAE04EC0-301F-11D3-BF4B-00C04F79EFBC}") = "BookStoreManager", "BookStoreManager\BookStoreManager.csproj", "{F77F2947-961F-4DE0-8D3A-FB3DCE9309A4}"
EndProject
Global
	GlobalSection(SolutionConfigurationPlatforms) = preSolution
		Debug|Any CPU = Debug|Any CPU
		Release|Any CPU = Release|Any CPU
	EndGlobalSection
	GlobalSection(ProjectConfigurationPlatforms) = postSolution
		{F77F2947-961F-4DE0-8D3A-FB3DCE9309A4}.Debug|Any CPU.ActiveCfg = Debug|Any CPU
		{F77F2947-961F-4DE0-8D3A-FB3DCE9309A4}.Debug|Any CPU.Build.0 = Debug|Any CPU
		{F77F2947-961F-4DE0-8D3A-FB3DCE9309A4}.Release|Any CPU.ActiveCfg = Release|Any CPU
		{F77F2947-961F-4DE0-8D3A-FB3DCE9309A4}.Release|Any CPU.Build.0 = Release|Any CPU
	EndGlobalSection
	GlobalSection(SolutionProperties) = preSolution
		HideSolutionNode = FALSE
	EndGlobalSection
	GlobalSection(ExtensibilityGlobals) = postSolution
		SolutionGuid = {4C3399ED-7EFC-47D3-9C36-A9EE0B13257A}
	EndGlobalSection
EndGlobal
